
Microsoft Visual Studio Solution File, Format Version 12.00
# Visual Studio Version 17
VisualStudioVersion = 17.4.33205.214
MinimumVisualStudioVersion = 10.0.40219.1
Project("{FAE04EC0-301F-11D3-BF4B-00C04F79EFBC}") = "Apex.GameZone.UI", "Apex.GameZone.UI.csproj", "{F35B144A-1347-4BE1-B00E-C932E248B08D}"
EndProject
Global
	GlobalSection(SolutionConfigurationPlatforms) = preSolution
		Debug|Any CPU = Debug|Any CPU
		Release|Any CPU = Release|Any CPU
	EndGlobalSection
	GlobalSection(ProjectConfigurationPlatforms) = postSolution
		{F35B144A-1347-4BE1-B00E-C932E248B08D}.Debug|Any CPU.ActiveCfg = Debug|Any CPU
		{F35B144A-1347-4BE1-B00E-C932E248B08D}.Debug|Any CPU.Build.0 = Debug|Any CPU
		{F35B144A-1347-4BE1-B00E-C932E248B08D}.Release|Any CPU.ActiveCfg = Release|Any CPU
		{F35B144A-1347-4BE1-B00E-C932E248B08D}.Release|Any CPU.Build.0 = Release|Any CPU
	EndGlobalSection
	GlobalSection(SolutionProperties) = preSolution
		HideSolutionNode = FALSE
	EndGlobalSection
	GlobalSection(ExtensibilityGlobals) = postSolution
		SolutionGuid = {3F49DB6D-E8F4-46D9-A03D-D48116A02221}
	EndGlobalSection
EndGlobal
